
Microsoft Visual Studio Solution File, Format Version 11.00
# Visual Studio 2010
Project("{FAE04EC0-301F-11D3-BF4B-00C04F79EFBC}") = "CheckMarxMapping", "CheckMarxMapping\CheckMarxMapping.csproj", "{346C1B35-3D69-4026-A763-6757F817B7C0}"
EndProject
Project("{FAE04EC0-301F-11D3-BF4B-00C04F79EFBC}") = "CheckMarxMapping.Test", "CheckMarxMapping.Test\CheckMarxMapping.Test.csproj", "{C19B1B9A-3215-4728-A716-6155111DF803}"
EndProject
Global
	GlobalSection(SolutionConfigurationPlatforms) = preSolution
		Debug|Any CPU = Debug|Any CPU
		Release|Any CPU = Release|Any CPU
	EndGlobalSection
	GlobalSection(ProjectConfigurationPlatforms) = postSolution
		{346C1B35-3D69-4026-A763-6757F817B7C0}.Debug|Any CPU.ActiveCfg = Debug|Any CPU
		{346C1B35-3D69-4026-A763-6757F817B7C0}.Debug|Any CPU.Build.0 = Debug|Any CPU
		{346C1B35-3D69-4026-A763-6757F817B7C0}.Release|Any CPU.ActiveCfg = Release|Any CPU
		{346C1B35-3D69-4026-A763-6757F817B7C0}.Release|Any CPU.Build.0 = Release|Any CPU
		{C19B1B9A-3215-4728-A716-6155111DF803}.Debug|Any CPU.ActiveCfg = Debug|Any CPU
		{C19B1B9A-3215-4728-A716-6155111DF803}.Debug|Any CPU.Build.0 = Debug|Any CPU
		{C19B1B9A-3215-4728-A716-6155111DF803}.Release|Any CPU.ActiveCfg = Release|Any CPU
		{C19B1B9A-3215-4728-A716-6155111DF803}.Release|Any CPU.Build.0 = Release|Any CPU
	EndGlobalSection
	GlobalSection(SolutionProperties) = preSolution
		HideSolutionNode = FALSE
	EndGlobalSection
EndGlobal
